
Microsoft Visual Studio Solution File, Format Version 12.00
# Visual Studio Version 17
VisualStudioVersion = 17.5.33516.290
MinimumVisualStudioVersion = 10.0.40219.1
Project("{00D1A9C2-B5F0-4AF3-8072-F6C62B433612}") = "Calendaurus.Database", "Calendaurus.Database.sqlproj", "{2F2FB14B-B336-4E1F-9EBC-66669AE05764}"
EndProject
Project("{FAE04EC0-301F-11D3-BF4B-00C04F79EFBC}") = "Calendaurus.Model", "..\Calendaurus.Models\Calendaurus.Model.csproj", "{34DB8125-949D-4CB0-9F10-A7FF4731CED1}"
EndProject
Project("{FAE04EC0-301F-11D3-BF4B-00C04F79EFBC}") = "Calendaurus.API", "..\Calendaurus.API\Calendaurus.API.csproj", "{31F81192-28C8-4430-8B49-93FB4093EE48}"
EndProject
Project("{FAE04EC0-301F-11D3-BF4B-00C04F79EFBC}") = "Calendaurus.Services", "..\Calendaurus.Services\Calendaurus.Services.csproj", "{75896BB5-31CE-4ECF-AD97-9FFF7233C652}"
EndProject
Global
	GlobalSection(SolutionConfigurationPlatforms) = preSolution
		Debug|Any CPU = Debug|Any CPU
		Release|Any CPU = Release|Any CPU
	EndGlobalSection
	GlobalSection(ProjectConfigurationPlatforms) = postSolution
		{2F2FB14B-B336-4E1F-9EBC-66669AE05764}.Debug|Any CPU.ActiveCfg = Debug|Any CPU
		{2F2FB14B-B336-4E1F-9EBC-66669AE05764}.Debug|Any CPU.Build.0 = Debug|Any CPU
		{2F2FB14B-B336-4E1F-9EBC-66669AE05764}.Debug|Any CPU.Deploy.0 = Debug|Any CPU
		{2F2FB14B-B336-4E1F-9EBC-66669AE05764}.Release|Any CPU.ActiveCfg = Release|Any CPU
		{2F2FB14B-B336-4E1F-9EBC-66669AE05764}.Release|Any CPU.Build.0 = Release|Any CPU
		{2F2FB14B-B336-4E1F-9EBC-66669AE05764}.Release|Any CPU.Deploy.0 = Release|Any CPU
		{34DB8125-949D-4CB0-9F10-A7FF4731CED1}.Debug|Any CPU.ActiveCfg = Debug|Any CPU
		{34DB8125-949D-4CB0-9F10-A7FF4731CED1}.Debug|Any CPU.Build.0 = Debug|Any CPU
		{34DB8125-949D-4CB0-9F10-A7FF4731CED1}.Release|Any CPU.ActiveCfg = Release|Any CPU
		{34DB8125-949D-4CB0-9F10-A7FF4731CED1}.Release|Any CPU.Build.0 = Release|Any CPU
		{31F81192-28C8-4430-8B49-93FB4093EE48}.Debug|Any CPU.ActiveCfg = Debug|Any CPU
		{31F81192-28C8-4430-8B49-93FB4093EE48}.Debug|Any CPU.Build.0 = Debug|Any CPU
		{31F81192-28C8-4430-8B49-93FB4093EE48}.Release|Any CPU.ActiveCfg = Release|Any CPU
		{31F81192-28C8-4430-8B49-93FB4093EE48}.Release|Any CPU.Build.0 = Release|Any CPU
		{75896BB5-31CE-4ECF-AD97-9FFF7233C652}.Debug|Any CPU.ActiveCfg = Debug|Any CPU
		{75896BB5-31CE-4ECF-AD97-9FFF7233C652}.Debug|Any CPU.Build.0 = Debug|Any CPU
		{75896BB5-31CE-4ECF-AD97-9FFF7233C652}.Release|Any CPU.ActiveCfg = Release|Any CPU
		{75896BB5-31CE-4ECF-AD97-9FFF7233C652}.Release|Any CPU.Build.0 = Release|Any CPU
	EndGlobalSection
	GlobalSection(SolutionProperties) = preSolution
		HideSolutionNode = FALSE
	EndGlobalSection
	GlobalSection(ExtensibilityGlobals) = postSolution
		SolutionGuid = {90464738-2717-45C2-8C50-911A6F00BFE5}
	EndGlobalSection
EndGlobal
