
Microsoft Visual Studio Solution File, Format Version 12.00
# Visual Studio Version 17
VisualStudioVersion = 17.5.33414.496
MinimumVisualStudioVersion = 10.0.40219.1
Project("{FAE04EC0-301F-11D3-BF4B-00C04F79EFBC}") = "LigaACLabs.API", "LigaACLabs.API\LigaACLabs.API.csproj", "{67480AFF-17E7-4D49-A448-7AFFB9C599CE}"
EndProject
Project("{FAE04EC0-301F-11D3-BF4B-00C04F79EFBC}") = "LigaACLabs.Models", "LigaACLabs.Models\LigaACLabs.Models.csproj", "{05F6E128-B874-4B08-9A89-494F401C161F}"
EndProject
Project("{FAE04EC0-301F-11D3-BF4B-00C04F79EFBC}") = "LigaACLabs.Services", "LigaACLabs.Services\LigaACLabs.Services.csproj", "{AAEC3D8D-87A2-4EC0-ABF7-C5EEEFEE7E60}"
EndProject
Global
	GlobalSection(SolutionConfigurationPlatforms) = preSolution
		Debug|Any CPU = Debug|Any CPU
		Release|Any CPU = Release|Any CPU
	EndGlobalSection
	GlobalSection(ProjectConfigurationPlatforms) = postSolution
		{67480AFF-17E7-4D49-A448-7AFFB9C599CE}.Debug|Any CPU.ActiveCfg = Debug|Any CPU
		{67480AFF-17E7-4D49-A448-7AFFB9C599CE}.Debug|Any CPU.Build.0 = Debug|Any CPU
		{67480AFF-17E7-4D49-A448-7AFFB9C599CE}.Release|Any CPU.ActiveCfg = Release|Any CPU
		{67480AFF-17E7-4D49-A448-7AFFB9C599CE}.Release|Any CPU.Build.0 = Release|Any CPU
		{05F6E128-B874-4B08-9A89-494F401C161F}.Debug|Any CPU.ActiveCfg = Debug|Any CPU
		{05F6E128-B874-4B08-9A89-494F401C161F}.Debug|Any CPU.Build.0 = Debug|Any CPU
		{05F6E128-B874-4B08-9A89-494F401C161F}.Release|Any CPU.ActiveCfg = Release|Any CPU
		{05F6E128-B874-4B08-9A89-494F401C161F}.Release|Any CPU.Build.0 = Release|Any CPU
		{AAEC3D8D-87A2-4EC0-ABF7-C5EEEFEE7E60}.Debug|Any CPU.ActiveCfg = Debug|Any CPU
		{AAEC3D8D-87A2-4EC0-ABF7-C5EEEFEE7E60}.Debug|Any CPU.Build.0 = Debug|Any CPU
		{AAEC3D8D-87A2-4EC0-ABF7-C5EEEFEE7E60}.Release|Any CPU.ActiveCfg = Release|Any CPU
		{AAEC3D8D-87A2-4EC0-ABF7-C5EEEFEE7E60}.Release|Any CPU.Build.0 = Release|Any CPU
	EndGlobalSection
	GlobalSection(SolutionProperties) = preSolution
		HideSolutionNode = FALSE
	EndGlobalSection
	GlobalSection(ExtensibilityGlobals) = postSolution
		SolutionGuid = {345BE433-2C63-4ABF-9E99-BA6DED30EC96}
	EndGlobalSection
EndGlobal
